{
  "requires": true,
  "lockfileVersion": 1,
  "dependencies": {
    "bower": {
      "version": "1.8.4",
      "resolved": "https://registry.npmjs.org/bower/-/bower-1.8.4.tgz",
      "integrity": "sha1-54dqB23rgTf30GUl3F6MZtuC8oo="
    },
    "jquery": {
      "version": "3.3.1",
      "resolved": "https://registry.npmjs.org/jquery/-/jquery-3.3.1.tgz",
      "integrity": "sha512-Ubldcmxp5np52/ENotGxlLe6aGMvmF4R8S6tZjsP6Knsaxd/xp3Zrh50cG93lR6nPXyUFwzN3ZSOQI0wRJNdGg=="
    },
    "typeahead.js": {
      "version": "0.11.1",
      "resolved": "https://registry.npmjs.org/typeahead.js/-/typeahead.js-0.11.1.tgz",
      "integrity": "sha1-TmTmcbIjEKhgb0rsgFkkuoSwFbg=",
      "requires": {
        "jquery": "3.3.1"
      }
    },
    "typed.js": {
      "version": "2.0.6",
      "resolved": "https://registry.npmjs.org/typed.js/-/typed.js-2.0.6.tgz",
      "integrity": "sha512-aGmMVR/J3fD4Dm3WWs1xb44ts47oQnYVgm2RF4BTMDdMpQIru0Jqa/lOkEzcS6eQWucA0lQl08rHgmNdvXkycQ=="
    }
  }
}
